// !$*UTF8*$!
{
	archiveVersion = 1;
	classes = {
	};
	objectVersion = 55;
	objects = {

/* Begin PBXBuildFile section */
		994F2DC8278DE1CB001FA186 /* NASAinYourHandApp.swift in Sources */ = {isa = PBXBuildFile; fileRef = 994F2DC7278DE1CB001FA186 /* NASAinYourHandApp.swift */; };
		994F2DCA278DE1CB001FA186 /* ContentView.swift in Sources */ = {isa = PBXBuildFile; fileRef = 994F2DC9278DE1CB001FA186 /* ContentView.swift */; };
		994F2DCC278DE1CB001FA186 /* Assets.xcassets in Resources */ = {isa = PBXBuildFile; fileRef = 994F2DCB278DE1CB001FA186 /* Assets.xcassets */; };
		994F2DCF278DE1CB001FA186 /* Preview Assets.xcassets in Resources */ = {isa = PBXBuildFile; fileRef = 994F2DCE278DE1CB001FA186 /* Preview Assets.xcassets */; };
		994F2DD9278DE1CB001FA186 /* NASAinYourHandTests.swift in Sources */ = {isa = PBXBuildFile; fileRef = 994F2DD8278DE1CB001FA186 /* NASAinYourHandTests.swift */; };
		994F2DE3278DE1CC001FA186 /* NASAinYourHandUITests.swift in Sources */ = {isa = PBXBuildFile; fileRef = 994F2DE2278DE1CC001FA186 /* NASAinYourHandUITests.swift */; };
		994F2DE5278DE1CC001FA186 /* NASAinYourHandUITestsLaunchTests.swift in Sources */ = {isa = PBXBuildFile; fileRef = 994F2DE4278DE1CC001FA186 /* NASAinYourHandUITestsLaunchTests.swift */; };
		994F2DF2278DE304001FA186 /* GoogleService-Info-5.plist in Resources */ = {isa = PBXBuildFile; fileRef = 994F2DF1278DE304001FA186 /* GoogleService-Info-5.plist */; };
		994F2DF3278DE304001FA186 /* GoogleService-Info-5.plist in Resources */ = {isa = PBXBuildFile; fileRef = 994F2DF1278DE304001FA186 /* GoogleService-Info-5.plist */; };
		994F2DF4278DE304001FA186 /* GoogleService-Info-5.plist in Resources */ = {isa = PBXBuildFile; fileRef = 994F2DF1278DE304001FA186 /* GoogleService-Info-5.plist */; };
		994F2DF7278DE797001FA186 /* FirebaseAuth in Frameworks */ = {isa = PBXBuildFile; productRef = 994F2DF6278DE797001FA186 /* FirebaseAuth */; };
		994F2DF9278DE797001FA186 /* FirebaseAuthCombine-Community in Frameworks */ = {isa = PBXBuildFile; productRef = 994F2DF8278DE797001FA186 /* FirebaseAuthCombine-Community */; };
		994F2DFB278DE797001FA186 /* FirebaseDatabase in Frameworks */ = {isa = PBXBuildFile; productRef = 994F2DFA278DE797001FA186 /* FirebaseDatabase */; };
		994F2DFD278DE797001FA186 /* FirebaseFirestore in Frameworks */ = {isa = PBXBuildFile; productRef = 994F2DFC278DE797001FA186 /* FirebaseFirestore */; };
		994F2DFF278DE797001FA186 /* FirebaseFirestoreCombine-Community in Frameworks */ = {isa = PBXBuildFile; productRef = 994F2DFE278DE797001FA186 /* FirebaseFirestoreCombine-Community */; };
		994F2E02278DEB20001FA186 /* SplashView.swift in Sources */ = {isa = PBXBuildFile; fileRef = 994F2E01278DEB20001FA186 /* SplashView.swift */; };
		994F2E03278DEB20001FA186 /* SplashView.swift in Sources */ = {isa = PBXBuildFile; fileRef = 994F2E01278DEB20001FA186 /* SplashView.swift */; };
		994F2E04278DEB20001FA186 /* SplashView.swift in Sources */ = {isa = PBXBuildFile; fileRef = 994F2E01278DEB20001FA186 /* SplashView.swift */; };
/* End PBXBuildFile section */

/* Begin PBXContainerItemProxy section */
		994F2DD5278DE1CB001FA186 /* PBXContainerItemProxy */ = {
			isa = PBXContainerItemProxy;
			containerPortal = 994F2DBC278DE1CB001FA186 /* Project object */;
			proxyType = 1;
			remoteGlobalIDString = 994F2DC3278DE1CB001FA186;
			remoteInfo = NASAinYourHand;
		};
		994F2DDF278DE1CC001FA186 /* PBXContainerItemProxy */ = {
			isa = PBXContainerItemProxy;
			containerPortal = 994F2DBC278DE1CB001FA186 /* Project object */;
			proxyType = 1;
			remoteGlobalIDString = 994F2DC3278DE1CB001FA186;
			remoteInfo = NASAinYourHand;
		};
/* End PBXContainerItemProxy section */

/* Begin PBXFileReference section */
		994F2DC4278DE1CB001FA186 /* NASAinYourHand.app */ = {isa = PBXFileReference; explicitFileType = wrapper.application; includeInIndex = 0; path = NASAinYourHand.app; sourceTree = BUILT_PRODUCTS_DIR; };
		994F2DC7278DE1CB001FA186 /* NASAinYourHandApp.swift */ = {isa = PBXFileReference; lastKnownFileType = sourcecode.swift; path = NASAinYourHandApp.swift; sourceTree = "<group>"; };
		994F2DC9278DE1CB001FA186 /* ContentView.swift */ = {isa = PBXFileReference; lastKnownFileType = sourcecode.swift; path = ContentView.swift; sourceTree = "<group>"; };
		994F2DCB278DE1CB001FA186 /* Assets.xcassets */ = {isa = PBXFileReference; lastKnownFileType = folder.assetcatalog; path = Assets.xcassets; sourceTree = "<group>"; };
		994F2DCE278DE1CB001FA186 /* Preview Assets.xcassets */ = {isa = PBXFileReference; lastKnownFileType = folder.assetcatalog; path = "Preview Assets.xcassets"; sourceTree = "<group>"; };
		994F2DD4278DE1CB001FA186 /* NASAinYourHandTests.xctest */ = {isa = PBXFileReference; explicitFileType = wrapper.cfbundle; includeInIndex = 0; path = NASAinYourHandTests.xctest; sourceTree = BUILT_PRODUCTS_DIR; };
		994F2DD8278DE1CB001FA186 /* NASAinYourHandTests.swift */ = {isa = PBXFileReference; lastKnownFileType = sourcecode.swift; path = NASAinYourHandTests.swift; sourceTree = "<group>"; };
		994F2DDE278DE1CC001FA186 /* NASAinYourHandUITests.xctest */ = {isa = PBXFileReference; explicitFileType = wrapper.cfbundle; includeInIndex = 0; path = NASAinYourHandUITests.xctest; sourceTree = BUILT_PRODUCTS_DIR; };
		994F2DE2278DE1CC001FA186 /* NASAinYourHandUITests.swift */ = {isa = PBXFileReference; lastKnownFileType = sourcecode.swift; path = NASAinYourHandUITests.swift; sourceTree = "<group>"; };
		994F2DE4278DE1CC001FA186 /* NASAinYourHandUITestsLaunchTests.swift */ = {isa = PBXFileReference; lastKnownFileType = sourcecode.swift; path = NASAinYourHandUITestsLaunchTests.swift; sourceTree = "<group>"; };
		994F2DF1278DE304001FA186 /* GoogleService-Info-5.plist */ = {isa = PBXFileReference; fileEncoding = 4; lastKnownFileType = text.plist.xml; path = "GoogleService-Info-5.plist"; sourceTree = "<group>"; };
		994F2E01278DEB20001FA186 /* SplashView.swift */ = {isa = PBXFileReference; lastKnownFileType = sourcecode.swift; path = SplashView.swift; sourceTree = "<group>"; };
/* End PBXFileReference section */

/* Begin PBXFrameworksBuildPhase section */
		994F2DC1278DE1CB001FA186 /* Frameworks */ = {
			isa = PBXFrameworksBuildPhase;
			buildActionMask = 2147483647;
			files = (
				994F2DFB278DE797001FA186 /* FirebaseDatabase in Frameworks */,
				994F2DFD278DE797001FA186 /* FirebaseFirestore in Frameworks */,
				994F2DF7278DE797001FA186 /* FirebaseAuth in Frameworks */,
				994F2DFF278DE797001FA186 /* FirebaseFirestoreCombine-Community in Frameworks */,
				994F2DF9278DE797001FA186 /* FirebaseAuthCombine-Community in Frameworks */,
			);
			runOnlyForDeploymentPostprocessing = 0;
		};
		994F2DD1278DE1CB001FA186 /* Frameworks */ = {
			isa = PBXFrameworksBuildPhase;
			buildActionMask = 2147483647;
			files = (
			);
			runOnlyForDeploymentPostprocessing = 0;
		};
		994F2DDB278DE1CC001FA186 /* Frameworks */ = {
			isa = PBXFrameworksBuildPhase;
			buildActionMask = 2147483647;
			files = (
			);
			runOnlyForDeploymentPostprocessing = 0;
		};
/* End PBXFrameworksBuildPhase section */

/* Begin PBXGroup section */
		994F2DBB278DE1CB001FA186 = {
			isa = PBXGroup;
			children = (
				994F2DC6278DE1CB001FA186 /* NASAinYourHand */,
				994F2DD7278DE1CB001FA186 /* NASAinYourHandTests */,
				994F2DE1278DE1CC001FA186 /* NASAinYourHandUITests */,
				994F2DC5278DE1CB001FA186 /* Products */,
			);
			sourceTree = "<group>";
		};
		994F2DC5278DE1CB001FA186 /* Products */ = {
			isa = PBXGroup;
			children = (
				994F2DC4278DE1CB001FA186 /* NASAinYourHand.app */,
				994F2DD4278DE1CB001FA186 /* NASAinYourHandTests.xctest */,
				994F2DDE278DE1CC001FA186 /* NASAinYourHandUITests.xctest */,
			);
			name = Products;
			sourceTree = "<group>";
		};
		994F2DC6278DE1CB001FA186 /* NASAinYourHand */ = {
			isa = PBXGroup;
			children = (
				994F2E00278DE7DD001FA186 /* Views */,
				994F2DF1278DE304001FA186 /* GoogleService-Info-5.plist */,
				994F2DC7278DE1CB001FA186 /* NASAinYourHandApp.swift */,
				994F2DC9278DE1CB001FA186 /* ContentView.swift */,
				994F2DCB278DE1CB001FA186 /* Assets.xcassets */,
				994F2DCD278DE1CB001FA186 /* Preview Content */,
			);
			path = NASAinYourHand;
			sourceTree = "<group>";
		};
		994F2DCD278DE1CB001FA186 /* Preview Content */ = {
			isa = PBXGroup;
			children = (
				994F2DCE278DE1CB001FA186 /* Preview Assets.xcassets */,
			);
			path = "Preview Content";
			sourceTree = "<group>";
		};
		994F2DD7278DE1CB001FA186 /* NASAinYourHandTests */ = {
			isa = PBXGroup;
			children = (
				994F2DD8278DE1CB001FA186 /* NASAinYourHandTests.swift */,
			);
			path = NASAinYourHandTests;
			sourceTree = "<group>";
		};
		994F2DE1278DE1CC001FA186 /* NASAinYourHandUITests */ = {
			isa = PBXGroup;
			children = (
				994F2DE2278DE1CC001FA186 /* NASAinYourHandUITests.swift */,
				994F2DE4278DE1CC001FA186 /* NASAinYourHandUITestsLaunchTests.swift */,
			);
			path = NASAinYourHandUITests;
			sourceTree = "<group>";
		};
		994F2E00278DE7DD001FA186 /* Views */ = {
			isa = PBXGroup;
			children = (
				994F2E01278DEB20001FA186 /* SplashView.swift */,
			);
			path = Views;
			sourceTree = "<group>";
		};
/* End PBXGroup section */

/* Begin PBXNativeTarget section */
		994F2DC3278DE1CB001FA186 /* NASAinYourHand */ = {
			isa = PBXNativeTarget;
			buildConfigurationList = 994F2DE8278DE1CC001FA186 /* Build configuration list for PBXNativeTarget "NASAinYourHand" */;
			buildPhases = (
				994F2DC0278DE1CB001FA186 /* Sources */,
				994F2DC1278DE1CB001FA186 /* Frameworks */,
				994F2DC2278DE1CB001FA186 /* Resources */,
			);
			buildRules = (
			);
			dependencies = (
			);
			name = NASAinYourHand;
			packageProductDependencies = (
				994F2DF6278DE797001FA186 /* FirebaseAuth */,
				994F2DF8278DE797001FA186 /* FirebaseAuthCombine-Community */,
				994F2DFA278DE797001FA186 /* FirebaseDatabase */,
				994F2DFC278DE797001FA186 /* FirebaseFirestore */,
				994F2DFE278DE797001FA186 /* FirebaseFirestoreCombine-Community */,
			);
			productName = NASAinYourHand;
			productReference = 994F2DC4278DE1CB001FA186 /* NASAinYourHand.app */;
			productType = "com.apple.product-type.application";
		};
		994F2DD3278DE1CB001FA186 /* NASAinYourHandTests */ = {
			isa = PBXNativeTarget;
			buildConfigurationList = 994F2DEB278DE1CC001FA186 /* Build configuration list for PBXNativeTarget "NASAinYourHandTests" */;
			buildPhases = (
				994F2DD0278DE1CB001FA186 /* Sources */,
				994F2DD1278DE1CB001FA186 /* Frameworks */,
				994F2DD2278DE1CB001FA186 /* Resources */,
			);
			buildRules = (
			);
			dependencies = (
				994F2DD6278DE1CB001FA186 /* PBXTargetDependency */,
			);
			name = NASAinYourHandTests;
			productName = NASAinYourHandTests;
			productReference = 994F2DD4278DE1CB001FA186 /* NASAinYourHandTests.xctest */;
			productType = "com.apple.product-type.bundle.unit-test";
		};
		994F2DDD278DE1CC001FA186 /* NASAinYourHandUITests */ = {
			isa = PBXNativeTarget;
			buildConfigurationList = 994F2DEE278DE1CC001FA186 /* Build configuration list for PBXNativeTarget "NASAinYourHandUITests" */;
			buildPhases = (
				994F2DDA278DE1CC001FA186 /* Sources */,
				994F2DDB278DE1CC001FA186 /* Frameworks */,
				994F2DDC278DE1CC001FA186 /* Resources */,
			);
			buildRules = (
			);
			dependencies = (
				994F2DE0278DE1CC001FA186 /* PBXTargetDependency */,
			);
			name = NASAinYourHandUITests;
			productName = NASAinYourHandUITests;
			productReference = 994F2DDE278DE1CC001FA186 /* NASAinYourHandUITests.xctest */;
			productType = "com.apple.product-type.bundle.ui-testing";
		};
/* End PBXNativeTarget section */

/* Begin PBXProject section */
		994F2DBC278DE1CB001FA186 /* Project object */ = {
			isa = PBXProject;
			attributes = {
				BuildIndependentTargetsInParallel = 1;
				LastSwiftUpdateCheck = 1320;
				LastUpgradeCheck = 1320;
				TargetAttributes = {
					994F2DC3278DE1CB001FA186 = {
						CreatedOnToolsVersion = 13.2.1;
					};
					994F2DD3278DE1CB001FA186 = {
						CreatedOnToolsVersion = 13.2.1;
						TestTargetID = 994F2DC3278DE1CB001FA186;
					};
					994F2DDD278DE1CC001FA186 = {
						CreatedOnToolsVersion = 13.2.1;
						TestTargetID = 994F2DC3278DE1CB001FA186;
					};
				};
			};
			buildConfigurationList = 994F2DBF278DE1CB001FA186 /* Build configuration list for PBXProject "NASAinYourHand" */;
			compatibilityVersion = "Xcode 13.0";
			developmentRegion = en;
			hasScannedForEncodings = 0;
			knownRegions = (
				en,
				Base,
			);
			mainGroup = 994F2DBB278DE1CB001FA186;
			packageReferences = (
				994F2DF5278DE797001FA186 /* XCRemoteSwiftPackageReference "firebase-ios-sdk" */,
			);
			productRefGroup = 994F2DC5278DE1CB001FA186 /* Products */;
			projectDirPath = "";
			projectRoot = "";
			targets = (
				994F2DC3278DE1CB001FA186 /* NASAinYourHand */,
				994F2DD3278DE1CB001FA186 /* NASAinYourHandTests */,
				994F2DDD278DE1CC001FA186 /* NASAinYourHandUITests */,
			);
		};
/* End PBXProject section */

/* Begin PBXResourcesBuildPhase section */
		994F2DC2278DE1CB001FA186 /* Resources */ = {
			isa = PBXResourcesBuildPhase;
			buildActionMask = 2147483647;
			files = (
				994F2DCF278DE1CB001FA186 /* Preview Assets.xcassets in Resources */,
				994F2DF2278DE304001FA186 /* GoogleService-Info-5.plist in Resources */,
				994F2DCC278DE1CB001FA186 /* Assets.xcassets in Resources */,
			);
			runOnlyForDeploymentPostprocessing = 0;
		};
		994F2DD2278DE1CB001FA186 /* Resources */ = {
			isa = PBXResourcesBuildPhase;
			buildActionMask = 2147483647;
			files = (
				994F2DF3278DE304001FA186 /* GoogleService-Info-5.plist in Resources */,
			);
			runOnlyForDeploymentPostprocessing = 0;
		};
		994F2DDC278DE1CC001FA186 /* Resources */ = {
			isa = PBXResourcesBuildPhase;
			buildActionMask = 2147483647;
			files = (
				994F2DF4278DE304001FA186 /* GoogleService-Info-5.plist in Resources */,
			);
			runOnlyForDeploymentPostprocessing = 0;
		};
/* End PBXResourcesBuildPhase section */

/* Begin PBXSourcesBuildPhase section */
		994F2DC0278DE1CB001FA186 /* Sources */ = {
			isa = PBXSourcesBuildPhase;
			buildActionMask = 2147483647;
			files = (
				994F2DCA278DE1CB001FA186 /* ContentView.swift in Sources */,
				994F2DC8278DE1CB001FA186 /* NASAinYourHandApp.swift in Sources */,
				994F2E02278DEB20001FA186 /* SplashView.swift in Sources */,
			);
			runOnlyForDeploymentPostprocessing = 0;
		};
		994F2DD0278DE1CB001FA186 /* Sources */ = {
			isa = PBXSourcesBuildPhase;
			buildActionMask = 2147483647;
			files = (
				994F2DD9278DE1CB001FA186 /* NASAinYourHandTests.swift in Sources */,
				994F2E03278DEB20001FA186 /* SplashView.swift in Sources */,
			);
			runOnlyForDeploymentPostprocessing = 0;
		};
		994F2DDA278DE1CC001FA186 /* Sources */ = {
			isa = PBXSourcesBuildPhase;
			buildActionMask = 2147483647;
			files = (
				994F2DE5278DE1CC001FA186 /* NASAinYourHandUITestsLaunchTests.swift in Sources */,
				994F2DE3278DE1CC001FA186 /* NASAinYourHandUITests.swift in Sources */,
				994F2E04278DEB20001FA186 /* SplashView.swift in Sources */,
			);
			runOnlyForDeploymentPostprocessing = 0;
		};
/* End PBXSourcesBuildPhase section */

/* Begin PBXTargetDependency section */
		994F2DD6278DE1CB001FA186 /* PBXTargetDependency */ = {
			isa = PBXTargetDependency;
			target = 994F2DC3278DE1CB001FA186 /* NASAinYourHand */;
			targetProxy = 994F2DD5278DE1CB001FA186 /* PBXContainerItemProxy */;
		};
		994F2DE0278DE1CC001FA186 /* PBXTargetDependency */ = {
			isa = PBXTargetDependency;
			target = 994F2DC3278DE1CB001FA186 /* NASAinYourHand */;
			targetProxy = 994F2DDF278DE1CC001FA186 /* PBXContainerItemProxy */;
		};
/* End PBXTargetDependency section */

/* Begin XCBuildConfiguration section */
		994F2DE6278DE1CC001FA186 /* Debug */ = {
			isa = XCBuildConfiguration;
			buildSettings = {
				ALWAYS_SEARCH_USER_PATHS = NO;
				CLANG_ANALYZER_NONNULL = YES;
				CLANG_ANALYZER_NUMBER_OBJECT_CONVERSION = YES_AGGRESSIVE;
				CLANG_CXX_LANGUAGE_STANDARD = "gnu++17";
				CLANG_CXX_LIBRARY = "libc++";
				CLANG_ENABLE_MODULES = YES;
				CLANG_ENABLE_OBJC_ARC = YES;
				CLANG_ENABLE_OBJC_WEAK = YES;
				CLANG_WARN_BLOCK_CAPTURE_AUTORELEASING = YES;
				CLANG_WARN_BOOL_CONVERSION = YES;
				CLANG_WARN_COMMA = YES;
				CLANG_WARN_CONSTANT_CONVERSION = YES;
				CLANG_WARN_DEPRECATED_OBJC_IMPLEMENTATIONS = YES;
				CLANG_WARN_DIRECT_OBJC_ISA_USAGE = YES_ERROR;
				CLANG_WARN_DOCUMENTATION_COMMENTS = YES;
				CLANG_WARN_EMPTY_BODY = YES;
				CLANG_WARN_ENUM_CONVERSION = YES;
				CLANG_WARN_INFINITE_RECURSION = YES;
				CLANG_WARN_INT_CONVERSION = YES;
				CLANG_WARN_NON_LITERAL_NULL_CONVERSION = YES;
				CLANG_WARN_OBJC_IMPLICIT_RETAIN_SELF = YES;
				CLANG_WARN_OBJC_LITERAL_CONVERSION = YES;
				CLANG_WARN_OBJC_ROOT_CLASS = YES_ERROR;
				CLANG_WARN_QUOTED_INCLUDE_IN_FRAMEWORK_HEADER = YES;
				CLANG_WARN_RANGE_LOOP_ANALYSIS = YES;
				CLANG_WARN_STRICT_PROTOTYPES = YES;
				CLANG_WARN_SUSPICIOUS_MOVE = YES;
				CLANG_WARN_UNGUARDED_AVAILABILITY = YES_AGGRESSIVE;
				CLANG_WARN_UNREACHABLE_CODE = YES;
				CLANG_WARN__DUPLICATE_METHOD_MATCH = YES;
				COPY_PHASE_STRIP = NO;
				DEBUG_INFORMATION_FORMAT = dwarf;
				ENABLE_STRICT_OBJC_MSGSEND = YES;
				ENABLE_TESTABILITY = YES;
				GCC_C_LANGUAGE_STANDARD = gnu11;
				GCC_DYNAMIC_NO_PIC = NO;
				GCC_NO_COMMON_BLOCKS = YES;
				GCC_OPTIMIZATION_LEVEL = 0;
				GCC_PREPROCESSOR_DEFINITIONS = (
					"DEBUG=1",
					"$(inherited)",
				);
				GCC_WARN_64_TO_32_BIT_CONVERSION = YES;
				GCC_WARN_ABOUT_RETURN_TYPE = YES_ERROR;
				GCC_WARN_UNDECLARED_SELECTOR = YES;
				GCC_WARN_UNINITIALIZED_AUTOS = YES_AGGRESSIVE;
				GCC_WARN_UNUSED_FUNCTION = YES;
				GCC_WARN_UNUSED_VARIABLE = YES;
				IPHONEOS_DEPLOYMENT_TARGET = 15.2;
				MTL_ENABLE_DEBUG_INFO = INCLUDE_SOURCE;
				MTL_FAST_MATH = YES;
				ONLY_ACTIVE_ARCH = YES;
				SDKROOT = iphoneos;
				SWIFT_ACTIVE_COMPILATION_CONDITIONS = DEBUG;
				SWIFT_OPTIMIZATION_LEVEL = "-Onone";
			};
			name = Debug;
		};
		994F2DE7278DE1CC001FA186 /* Release */ = {
			isa = XCBuildConfiguration;
			buildSettings = {
				ALWAYS_SEARCH_USER_PATHS = NO;
				CLANG_ANALYZER_NONNULL = YES;
				CLANG_ANALYZER_NUMBER_OBJECT_CONVERSION = YES_AGGRESSIVE;
				CLANG_CXX_LANGUAGE_STANDARD = "gnu++17";
				CLANG_CXX_LIBRARY = "libc++";
				CLANG_ENABLE_MODULES = YES;
				CLANG_ENABLE_OBJC_ARC = YES;
				CLANG_ENABLE_OBJC_WEAK = YES;
				CLANG_WARN_BLOCK_CAPTURE_AUTORELEASING = YES;
				CLANG_WARN_BOOL_CONVERSION = YES;
				CLANG_WARN_COMMA = YES;
				CLANG_WARN_CONSTANT_CONVERSION = YES;
				CLANG_WARN_DEPRECATED_OBJC_IMPLEMENTATIONS = YES;
				CLANG_WARN_DIRECT_OBJC_ISA_USAGE = YES_ERROR;
				CLANG_WARN_DOCUMENTATION_COMMENTS = YES;
				CLANG_WARN_EMPTY_BODY = YES;
				CLANG_WARN_ENUM_CONVERSION = YES;
				CLANG_WARN_INFINITE_RECURSION = YES;
				CLANG_WARN_INT_CONVERSION = YES;
				CLANG_WARN_NON_LITERAL_NULL_CONVERSION = YES;
				CLANG_WARN_OBJC_IMPLICIT_RETAIN_SELF = YES;
				CLANG_WARN_OBJC_LITERAL_CONVERSION = YES;
				CLANG_WARN_OBJC_ROOT_CLASS = YES_ERROR;
				CLANG_WARN_QUOTED_INCLUDE_IN_FRAMEWORK_HEADER = YES;
				CLANG_WARN_RANGE_LOOP_ANALYSIS = YES;
				CLANG_WARN_STRICT_PROTOTYPES = YES;
				CLANG_WARN_SUSPICIOUS_MOVE = YES;
				CLANG_WARN_UNGUARDED_AVAILABILITY = YES_AGGRESSIVE;
				CLANG_WARN_UNREACHABLE_CODE = YES;
				CLANG_WARN__DUPLICATE_METHOD_MATCH = YES;
				COPY_PHASE_STRIP = NO;
				DEBUG_INFORMATION_FORMAT = "dwarf-with-dsym";
				ENABLE_NS_ASSERTIONS = NO;
				ENABLE_STRICT_OBJC_MSGSEND = YES;
				GCC_C_LANGUAGE_STANDARD = gnu11;
				GCC_NO_COMMON_BLOCKS = YES;
				GCC_WARN_64_TO_32_BIT_CONVERSION = YES;
				GCC_WARN_ABOUT_RETURN_TYPE = YES_ERROR;
				GCC_WARN_UNDECLARED_SELECTOR = YES;
				GCC_WARN_UNINITIALIZED_AUTOS = YES_AGGRESSIVE;
				GCC_WARN_UNUSED_FUNCTION = YES;
				GCC_WARN_UNUSED_VARIABLE = YES;
				IPHONEOS_DEPLOYMENT_TARGET = 15.2;
				MTL_ENABLE_DEBUG_INFO = NO;
				MTL_FAST_MATH = YES;
				SDKROOT = iphoneos;
				SWIFT_COMPILATION_MODE = wholemodule;
				SWIFT_OPTIMIZATION_LEVEL = "-O";
				VALIDATE_PRODUCT = YES;
			};
			name = Release;
		};
		994F2DE9278DE1CC001FA186 /* Debug */ = {
			isa = XCBuildConfiguration;
			buildSettings = {
				ASSETCATALOG_COMPILER_APPICON_NAME = AppIcon;
				ASSETCATALOG_COMPILER_GLOBAL_ACCENT_COLOR_NAME = AccentColor;
				CODE_SIGN_STYLE = Automatic;
				CURRENT_PROJECT_VERSION = 1;
				DEVELOPMENT_ASSET_PATHS = "\"NASAinYourHand/Preview Content\"";
				DEVELOPMENT_TEAM = ZY94S5LYY4;
				ENABLE_PREVIEWS = YES;
				GENERATE_INFOPLIST_FILE = YES;
				INFOPLIST_KEY_UIApplicationSceneManifest_Generation = YES;
				INFOPLIST_KEY_UIApplicationSupportsIndirectInputEvents = YES;
				INFOPLIST_KEY_UILaunchScreen_Generation = YES;
				INFOPLIST_KEY_UISupportedInterfaceOrientations_iPad = "UIInterfaceOrientationPortrait UIInterfaceOrientationPortraitUpsideDown UIInterfaceOrientationLandscapeLeft UIInterfaceOrientationLandscapeRight";
				INFOPLIST_KEY_UISupportedInterfaceOrientations_iPhone = "UIInterfaceOrientationPortrait UIInterfaceOrientationLandscapeLeft UIInterfaceOrientationLandscapeRight";
				LD_RUNPATH_SEARCH_PATHS = (
					"$(inherited)",
					"@executable_path/Frameworks",
				);
				MARKETING_VERSION = 1.0;
				PRODUCT_BUNDLE_IDENTIFIER = JCentercreation.NASAinYourHand;
				PRODUCT_NAME = "$(TARGET_NAME)";
				SWIFT_EMIT_LOC_STRINGS = YES;
				SWIFT_VERSION = 5.0;
				TARGETED_DEVICE_FAMILY = "1,2";
			};
			name = Debug;
		};
		994F2DEA278DE1CC001FA186 /* Release */ = {
			isa = XCBuildConfiguration;
			buildSettings = {
				ASSETCATALOG_COMPILER_APPICON_NAME = AppIcon;
				ASSETCATALOG_COMPILER_GLOBAL_ACCENT_COLOR_NAME = AccentColor;
				CODE_SIGN_STYLE = Automatic;
				CURRENT_PROJECT_VERSION = 1;
				DEVELOPMENT_ASSET_PATHS = "\"NASAinYourHand/Preview Content\"";
				DEVELOPMENT_TEAM = ZY94S5LYY4;
				ENABLE_PREVIEWS = YES;
				GENERATE_INFOPLIST_FILE = YES;
				INFOPLIST_KEY_UIApplicationSceneManifest_Generation = YES;
				INFOPLIST_KEY_UIApplicationSupportsIndirectInputEvents = YES;
				INFOPLIST_KEY_UILaunchScreen_Generation = YES;
				INFOPLIST_KEY_UISupportedInterfaceOrientations_iPad = "UIInterfaceOrientationPortrait UIInterfaceOrientationPortraitUpsideDown UIInterfaceOrientationLandscapeLeft UIInterfaceOrientationLandscapeRight";
				INFOPLIST_KEY_UISupportedInterfaceOrientations_iPhone = "UIInterfaceOrientationPortrait UIInterfaceOrientationLandscapeLeft UIInterfaceOrientationLandscapeRight";
				LD_RUNPATH_SEARCH_PATHS = (
					"$(inherited)",
					"@executable_path/Frameworks",
				);
				MARKETING_VERSION = 1.0;
				PRODUCT_BUNDLE_IDENTIFIER = JCentercreation.NASAinYourHand;
				PRODUCT_NAME = "$(TARGET_NAME)";
				SWIFT_EMIT_LOC_STRINGS = YES;
				SWIFT_VERSION = 5.0;
				TARGETED_DEVICE_FAMILY = "1,2";
			};
			name = Release;
		};
		994F2DEC278DE1CC001FA186 /* Debug */ = {
			isa = XCBuildConfiguration;
			buildSettings = {
				ALWAYS_EMBED_SWIFT_STANDARD_LIBRARIES = YES;
				BUNDLE_LOADER = "$(TEST_HOST)";
				CODE_SIGN_STYLE = Automatic;
				CURRENT_PROJECT_VERSION = 1;
				DEVELOPMENT_TEAM = ZY94S5LYY4;
				GENERATE_INFOPLIST_FILE = YES;
				IPHONEOS_DEPLOYMENT_TARGET = 15.2;
				MARKETING_VERSION = 1.0;
				PRODUCT_BUNDLE_IDENTIFIER = JCentercreation.NASAinYourHandTests;
				PRODUCT_NAME = "$(TARGET_NAME)";
				SWIFT_EMIT_LOC_STRINGS = NO;
				SWIFT_VERSION = 5.0;
				TARGETED_DEVICE_FAMILY = "1,2";
				TEST_HOST = "$(BUILT_PRODUCTS_DIR)/NASAinYourHand.app/NASAinYourHand";
			};
			name = Debug;
		};
		994F2DED278DE1CC001FA186 /* Release */ = {
			isa = XCBuildConfiguration;
			buildSettings = {
				ALWAYS_EMBED_SWIFT_STANDARD_LIBRARIES = YES;
				BUNDLE_LOADER = "$(TEST_HOST)";
				CODE_SIGN_STYLE = Automatic;
				CURRENT_PROJECT_VERSION = 1;
				DEVELOPMENT_TEAM = ZY94S5LYY4;
				GENERATE_INFOPLIST_FILE = YES;
				IPHONEOS_DEPLOYMENT_TARGET = 15.2;
				MARKETING_VERSION = 1.0;
				PRODUCT_BUNDLE_IDENTIFIER = JCentercreation.NASAinYourHandTests;
				PRODUCT_NAME = "$(TARGET_NAME)";
				SWIFT_EMIT_LOC_STRINGS = NO;
				SWIFT_VERSION = 5.0;
				TARGETED_DEVICE_FAMILY = "1,2";
				TEST_HOST = "$(BUILT_PRODUCTS_DIR)/NASAinYourHand.app/NASAinYourHand";
			};
			name = Release;
		};
		994F2DEF278DE1CC001FA186 /* Debug */ = {
			isa = XCBuildConfiguration;
			buildSettings = {
				ALWAYS_EMBED_SWIFT_STANDARD_LIBRARIES = YES;
				CODE_SIGN_STYLE = Automatic;
				CURRENT_PROJECT_VERSION = 1;
				DEVELOPMENT_TEAM = ZY94S5LYY4;
				GENERATE_INFOPLIST_FILE = YES;
				MARKETING_VERSION = 1.0;
				PRODUCT_BUNDLE_IDENTIFIER = JCentercreation.NASAinYourHandUITests;
				PRODUCT_NAME = "$(TARGET_NAME)";
				SWIFT_EMIT_LOC_STRINGS = NO;
				SWIFT_VERSION = 5.0;
				TARGETED_DEVICE_FAMILY = "1,2";
				TEST_TARGET_NAME = NASAinYourHand;
			};
			name = Debug;
		};
		994F2DF0278DE1CC001FA186 /* Release */ = {
			isa = XCBuildConfiguration;
			buildSettings = {
				ALWAYS_EMBED_SWIFT_STANDARD_LIBRARIES = YES;
				CODE_SIGN_STYLE = Automatic;
				CURRENT_PROJECT_VERSION = 1;
				DEVELOPMENT_TEAM = ZY94S5LYY4;
				GENERATE_INFOPLIST_FILE = YES;
				MARKETING_VERSION = 1.0;
				PRODUCT_BUNDLE_IDENTIFIER = JCentercreation.NASAinYourHandUITests;
				PRODUCT_NAME = "$(TARGET_NAME)";
				SWIFT_EMIT_LOC_STRINGS = NO;
				SWIFT_VERSION = 5.0;
				TARGETED_DEVICE_FAMILY = "1,2";
				TEST_TARGET_NAME = NASAinYourHand;
			};
			name = Release;
		};
/* End XCBuildConfiguration section */

/* Begin XCConfigurationList section */
		994F2DBF278DE1CB001FA186 /* Build configuration list for PBXProject "NASAinYourHand" */ = {
			isa = XCConfigurationList;
			buildConfigurations = (
				994F2DE6278DE1CC001FA186 /* Debug */,
				994F2DE7278DE1CC001FA186 /* Release */,
			);
			defaultConfigurationIsVisible = 0;
			defaultConfigurationName = Release;
		};
		994F2DE8278DE1CC001FA186 /* Build configuration list for PBXNativeTarget "NASAinYourHand" */ = {
			isa = XCConfigurationList;
			buildConfigurations = (
				994F2DE9278DE1CC001FA186 /* Debug */,
				994F2DEA278DE1CC001FA186 /* Release */,
			);
			defaultConfigurationIsVisible = 0;
			defaultConfigurationName = Release;
		};
		994F2DEB278DE1CC001FA186 /* Build configuration list for PBXNativeTarget "NASAinYourHandTests" */ = {
			isa = XCConfigurationList;
			buildConfigurations = (
				994F2DEC278DE1CC001FA186 /* Debug */,
				994F2DED278DE1CC001FA186 /* Release */,
			);
			defaultConfigurationIsVisible = 0;
			defaultConfigurationName = Release;
		};
		994F2DEE278DE1CC001FA186 /* Build configuration list for PBXNativeTarget "NASAinYourHandUITests" */ = {
			isa = XCConfigurationList;
			buildConfigurations = (
				994F2DEF278DE1CC001FA186 /* Debug */,
				994F2DF0278DE1CC001FA186 /* Release */,
			);
			defaultConfigurationIsVisible = 0;
			defaultConfigurationName = Release;
		};
/* End XCConfigurationList section */

/* Begin XCRemoteSwiftPackageReference section */
		994F2DF5278DE797001FA186 /* XCRemoteSwiftPackageReference "firebase-ios-sdk" */ = {
			isa = XCRemoteSwiftPackageReference;
			repositoryURL = "https://github.com/firebase/firebase-ios-sdk";
			requirement = {
				kind = upToNextMajorVersion;
				minimumVersion = 8.0.0;
			};
		};
/* End XCRemoteSwiftPackageReference section */

/* Begin XCSwiftPackageProductDependency section */
		994F2DF6278DE797001FA186 /* FirebaseAuth */ = {
			isa = XCSwiftPackageProductDependency;
			package = 994F2DF5278DE797001FA186 /* XCRemoteSwiftPackageReference "firebase-ios-sdk" */;
			productName = FirebaseAuth;
		};
		994F2DF8278DE797001FA186 /* FirebaseAuthCombine-Community */ = {
			isa = XCSwiftPackageProductDependency;
			package = 994F2DF5278DE797001FA186 /* XCRemoteSwiftPackageReference "firebase-ios-sdk" */;
			productName = "FirebaseAuthCombine-Community";
		};
		994F2DFA278DE797001FA186 /* FirebaseDatabase */ = {
			isa = XCSwiftPackageProductDependency;
			package = 994F2DF5278DE797001FA186 /* XCRemoteSwiftPackageReference "firebase-ios-sdk" */;
			productName = FirebaseDatabase;
		};
		994F2DFC278DE797001FA186 /* FirebaseFirestore */ = {
			isa = XCSwiftPackageProductDependency;
			package = 994F2DF5278DE797001FA186 /* XCRemoteSwiftPackageReference "firebase-ios-sdk" */;
			productName = FirebaseFirestore;
		};
		994F2DFE278DE797001FA186 /* FirebaseFirestoreCombine-Community */ = {
			isa = XCSwiftPackageProductDependency;
			package = 994F2DF5278DE797001FA186 /* XCRemoteSwiftPackageReference "firebase-ios-sdk" */;
			productName = "FirebaseFirestoreCombine-Community";
		};
/* End XCSwiftPackageProductDependency section */
	};
	rootObject = 994F2DBC278DE1CB001FA186 /* Project object */;
}
